
Microsoft Visual Studio Solution File, Format Version 12.00
# Visual Studio 15
VisualStudioVersion = 15.0.27703.2047
MinimumVisualStudioVersion = 10.0.40219.1
Project("{8BC9CEB8-8B4A-11D0-8D11-00A0C91BC942}") = "Templates", "Templates\Templates.vcxproj", "{EDF63092-1893-4523-926E-5D228DA52D5C}"
EndProject
Project("{8BC9CEB8-8B4A-11D0-8D11-00A0C91BC942}") = "Inheritance", "Inheritance\Inheritance.vcxproj", "{6490BC5D-814F-4577-B7C7-C98EBEF2A2F4}"
EndProject
Project("{8BC9CEB8-8B4A-11D0-8D11-00A0C91BC942}") = "MorningWarmup", "MorningWarmup\MorningWarmup.vcxproj", "{5202E9E5-E6BD-405A-AC97-3D6E378A2080}"
EndProject
Project("{8BC9CEB8-8B4A-11D0-8D11-00A0C91BC942}") = "LinkedList", "LinkeList\LinkeList.vcxproj", "{63FFE309-C0FB-43D8-8C72-215429F1FC61}"
EndProject
Project("{8BC9CEB8-8B4A-11D0-8D11-00A0C91BC942}") = "Algorithims", "Algorithims\Algorithims.vcxproj", "{381498BF-1AB6-438F-AAB1-2C5F332517F3}"
EndProject
Project("{8BC9CEB8-8B4A-11D0-8D11-00A0C91BC942}") = "Hash", "Hash\Hash.vcxproj", "{B7A36E44-28A2-4607-B121-825B29596A50}"
EndProject
Global
	GlobalSection(SolutionConfigurationPlatforms) = preSolution
		Debug|x64 = Debug|x64
		Debug|x86 = Debug|x86
		Release|x64 = Release|x64
		Release|x86 = Release|x86
	EndGlobalSection
	GlobalSection(ProjectConfigurationPlatforms) = postSolution
		{EDF63092-1893-4523-926E-5D228DA52D5C}.Debug|x64.ActiveCfg = Debug|x64
		{EDF63092-1893-4523-926E-5D228DA52D5C}.Debug|x64.Build.0 = Debug|x64
		{EDF63092-1893-4523-926E-5D228DA52D5C}.Debug|x86.ActiveCfg = Debug|Win32
		{EDF63092-1893-4523-926E-5D228DA52D5C}.Debug|x86.Build.0 = Debug|Win32
		{EDF63092-1893-4523-926E-5D228DA52D5C}.Release|x64.ActiveCfg = Release|x64
		{EDF63092-1893-4523-926E-5D228DA52D5C}.Release|x64.Build.0 = Release|x64
		{EDF63092-1893-4523-926E-5D228DA52D5C}.Release|x86.ActiveCfg = Release|Win32
		{EDF63092-1893-4523-926E-5D228DA52D5C}.Release|x86.Build.0 = Release|Win32
		{6490BC5D-814F-4577-B7C7-C98EBEF2A2F4}.Debug|x64.ActiveCfg = Debug|x64
		{6490BC5D-814F-4577-B7C7-C98EBEF2A2F4}.Debug|x64.Build.0 = Debug|x64
		{6490BC5D-814F-4577-B7C7-C98EBEF2A2F4}.Debug|x86.ActiveCfg = Debug|Win32
		{6490BC5D-814F-4577-B7C7-C98EBEF2A2F4}.Debug|x86.Build.0 = Debug|Win32
		{6490BC5D-814F-4577-B7C7-C98EBEF2A2F4}.Release|x64.ActiveCfg = Release|x64
		{6490BC5D-814F-4577-B7C7-C98EBEF2A2F4}.Release|x64.Build.0 = Release|x64
		{6490BC5D-814F-4577-B7C7-C98EBEF2A2F4}.Release|x86.ActiveCfg = Release|Win32
		{6490BC5D-814F-4577-B7C7-C98EBEF2A2F4}.Release|x86.Build.0 = Release|Win32
		{5202E9E5-E6BD-405A-AC97-3D6E378A2080}.Debug|x64.ActiveCfg = Debug|x64
		{5202E9E5-E6BD-405A-AC97-3D6E378A2080}.Debug|x64.Build.0 = Debug|x64
		{5202E9E5-E6BD-405A-AC97-3D6E378A2080}.Debug|x86.ActiveCfg = Debug|Win32
		{5202E9E5-E6BD-405A-AC97-3D6E378A2080}.Debug|x86.Build.0 = Debug|Win32
		{5202E9E5-E6BD-405A-AC97-3D6E378A2080}.Release|x64.ActiveCfg = Release|x64
		{5202E9E5-E6BD-405A-AC97-3D6E378A2080}.Release|x64.Build.0 = Release|x64
		{5202E9E5-E6BD-405A-AC97-3D6E378A2080}.Release|x86.ActiveCfg = Release|Win32
		{5202E9E5-E6BD-405A-AC97-3D6E378A2080}.Release|x86.Build.0 = Release|Win32
		{63FFE309-C0FB-43D8-8C72-215429F1FC61}.Debug|x64.ActiveCfg = Debug|x64
		{63FFE309-C0FB-43D8-8C72-215429F1FC61}.Debug|x64.Build.0 = Debug|x64
		{63FFE309-C0FB-43D8-8C72-215429F1FC61}.Debug|x86.ActiveCfg = Debug|Win32
		{63FFE309-C0FB-43D8-8C72-215429F1FC61}.Debug|x86.Build.0 = Debug|Win32
		{63FFE309-C0FB-43D8-8C72-215429F1FC61}.Release|x64.ActiveCfg = Release|x64
		{63FFE309-C0FB-43D8-8C72-215429F1FC61}.Release|x64.Build.0 = Release|x64
		{63FFE309-C0FB-43D8-8C72-215429F1FC61}.Release|x86.ActiveCfg = Release|Win32
		{63FFE309-C0FB-43D8-8C72-215429F1FC61}.Release|x86.Build.0 = Release|Win32
		{381498BF-1AB6-438F-AAB1-2C5F332517F3}.Debug|x64.ActiveCfg = Debug|x64
		{381498BF-1AB6-438F-AAB1-2C5F332517F3}.Debug|x64.Build.0 = Debug|x64
		{381498BF-1AB6-438F-AAB1-2C5F332517F3}.Debug|x86.ActiveCfg = Debug|Win32
		{381498BF-1AB6-438F-AAB1-2C5F332517F3}.Debug|x86.Build.0 = Debug|Win32
		{381498BF-1AB6-438F-AAB1-2C5F332517F3}.Release|x64.ActiveCfg = Release|x64
		{381498BF-1AB6-438F-AAB1-2C5F332517F3}.Release|x64.Build.0 = Release|x64
		{381498BF-1AB6-438F-AAB1-2C5F332517F3}.Release|x86.ActiveCfg = Release|Win32
		{381498BF-1AB6-438F-AAB1-2C5F332517F3}.Release|x86.Build.0 = Release|Win32
		{B7A36E44-28A2-4607-B121-825B29596A50}.Debug|x64.ActiveCfg = Debug|x64
		{B7A36E44-28A2-4607-B121-825B29596A50}.Debug|x64.Build.0 = Debug|x64
		{B7A36E44-28A2-4607-B121-825B29596A50}.Debug|x86.ActiveCfg = Debug|Win32
		{B7A36E44-28A2-4607-B121-825B29596A50}.Debug|x86.Build.0 = Debug|Win32
		{B7A36E44-28A2-4607-B121-825B29596A50}.Release|x64.ActiveCfg = Release|x64
		{B7A36E44-28A2-4607-B121-825B29596A50}.Release|x64.Build.0 = Release|x64
		{B7A36E44-28A2-4607-B121-825B29596A50}.Release|x86.ActiveCfg = Release|Win32
		{B7A36E44-28A2-4607-B121-825B29596A50}.Release|x86.Build.0 = Release|Win32
	EndGlobalSection
	GlobalSection(SolutionProperties) = preSolution
		HideSolutionNode = FALSE
	EndGlobalSection
	GlobalSection(ExtensibilityGlobals) = postSolution
		SolutionGuid = {BBECA428-AE86-44A0-902C-7586247BDF0D}
	EndGlobalSection
EndGlobal
